
Microsoft Visual Studio Solution File, Format Version 11.00
# Visual Studio 2010
Project("{FAE04EC0-301F-11D3-BF4B-00C04F79EFBC}") = "DinX.Web", "DinX.Web\DinX.Web.csproj", "{867EB643-0C64-4059-B005-42556A256AE5}"
EndProject
Project("{FAE04EC0-301F-11D3-BF4B-00C04F79EFBC}") = "DinX.Tests", "DinX.Tests\DinX.Tests.csproj", "{0E0AE2E0-D208-4738-8E42-DB2ACA08E5A1}"
EndProject
Project("{FAE04EC0-301F-11D3-BF4B-00C04F79EFBC}") = "DinX.Logic", "DinX.Logic\DinX.Logic.csproj", "{A8B481CD-04D5-4430-ABB9-81C9ADCD7F91}"
EndProject
Project("{FAE04EC0-301F-11D3-BF4B-00C04F79EFBC}") = "DinX.Data", "DinX.Data\DinX.Data.csproj", "{290D22C4-FDF7-41F6-B1E2-8FEC9FA22366}"
EndProject
Project("{FAE04EC0-301F-11D3-BF4B-00C04F79EFBC}") = "DinX.Common", "DinX.Common\DinX.Common.csproj", "{8D23D475-4388-4CA3-9C11-16F558D0D86A}"
EndProject
Global
	GlobalSection(SolutionConfigurationPlatforms) = preSolution
		Debug|Any CPU = Debug|Any CPU
		Release|Any CPU = Release|Any CPU
	EndGlobalSection
	GlobalSection(ProjectConfigurationPlatforms) = postSolution
		{867EB643-0C64-4059-B005-42556A256AE5}.Debug|Any CPU.ActiveCfg = Debug|Any CPU
		{867EB643-0C64-4059-B005-42556A256AE5}.Debug|Any CPU.Build.0 = Debug|Any CPU
		{867EB643-0C64-4059-B005-42556A256AE5}.Release|Any CPU.ActiveCfg = Release|Any CPU
		{867EB643-0C64-4059-B005-42556A256AE5}.Release|Any CPU.Build.0 = Release|Any CPU
		{0E0AE2E0-D208-4738-8E42-DB2ACA08E5A1}.Debug|Any CPU.ActiveCfg = Debug|Any CPU
		{0E0AE2E0-D208-4738-8E42-DB2ACA08E5A1}.Debug|Any CPU.Build.0 = Debug|Any CPU
		{0E0AE2E0-D208-4738-8E42-DB2ACA08E5A1}.Release|Any CPU.ActiveCfg = Release|Any CPU
		{0E0AE2E0-D208-4738-8E42-DB2ACA08E5A1}.Release|Any CPU.Build.0 = Release|Any CPU
		{A8B481CD-04D5-4430-ABB9-81C9ADCD7F91}.Debug|Any CPU.ActiveCfg = Debug|Any CPU
		{A8B481CD-04D5-4430-ABB9-81C9ADCD7F91}.Debug|Any CPU.Build.0 = Debug|Any CPU
		{A8B481CD-04D5-4430-ABB9-81C9ADCD7F91}.Release|Any CPU.ActiveCfg = Release|Any CPU
		{A8B481CD-04D5-4430-ABB9-81C9ADCD7F91}.Release|Any CPU.Build.0 = Release|Any CPU
		{290D22C4-FDF7-41F6-B1E2-8FEC9FA22366}.Debug|Any CPU.ActiveCfg = Debug|Any CPU
		{290D22C4-FDF7-41F6-B1E2-8FEC9FA22366}.Debug|Any CPU.Build.0 = Debug|Any CPU
		{290D22C4-FDF7-41F6-B1E2-8FEC9FA22366}.Release|Any CPU.ActiveCfg = Release|Any CPU
		{290D22C4-FDF7-41F6-B1E2-8FEC9FA22366}.Release|Any CPU.Build.0 = Release|Any CPU
		{8D23D475-4388-4CA3-9C11-16F558D0D86A}.Debug|Any CPU.ActiveCfg = Debug|Any CPU
		{8D23D475-4388-4CA3-9C11-16F558D0D86A}.Debug|Any CPU.Build.0 = Debug|Any CPU
		{8D23D475-4388-4CA3-9C11-16F558D0D86A}.Release|Any CPU.ActiveCfg = Release|Any CPU
		{8D23D475-4388-4CA3-9C11-16F558D0D86A}.Release|Any CPU.Build.0 = Release|Any CPU
	EndGlobalSection
	GlobalSection(SolutionProperties) = preSolution
		HideSolutionNode = FALSE
	EndGlobalSection
EndGlobal
